github.com/freightcms/web/carriers v0.0.0-20240426001647-9136fa06f63a h1:Z1LiKxVR2xS9qGbzFH1tte0jqbl6uCMGAe66fZpdZiU=
github.com/freightcms/web/carriers v0.0.0-20240426001647-9136fa06f63a/go.mod h1:jchyKr/qced7bVwz1g58Wk8RXJn2Em+TCm+PwWspQIc=
github.com/freightcms/web/common v0.0.0-20240426001647-9136fa06f63a h1:ZJ0yR05w9W6M8nywmJliDl3TmROojc9j0JodVx3wdjE=
github.com/freightcms/web/common v0.0.0-20240426001647-9136fa06f63a/go.mod h1:Gp4/aYh3NRw4OD6D7L7dx0Lr4r1j/Ag6uo9V1+AAqrc=
github.com/freightcms/web/common v0.0.0-20240426003241-51f2e4ac2ea4 h1:2RRYaFVk0A7MpY0g8RHrdlnEARJuiQc5lR7psT+96Dg=
github.com/freightcms/web/common v0.0.0-20240426003241-51f2e4ac2ea4/go.mod h1:Gp4/aYh3NRw4OD6D7L7dx0Lr4r1j/Ag6uo9V1+AAqrc=
github.com/freightcms/web/common v0.0.0-20240426010026-4624973a0003 h1:q96nZdTFqJFOL8Nd5nO5gItJz91EnQ1Co6lDuS4Ctys=
github.com/freightcms/web/common v0.0.0-20240426010026-4624973a0003/go.mod h1:Gp4/aYh3NRw4OD6D7L7dx0Lr4r1j/Ag6uo9V1+AAqrc=
github.com/freightcms/web/handlers v0.0.0-20240426003241-51f2e4ac2ea4 h1:PnlM/yPgVkH853lGoKx7Hid8doyAlli6lOALjwt4k28=
github.com/freightcms/web/handlers v0.0.0-20240426003241-51f2e4ac2ea4/go.mod h1:gmPWqsUg3PXmAFsIMJZ28malHW/bfo7Be7UQE4YGRew=
github.com/freightcms/web/handlers v0.0.0-20240426010026-4624973a0003 h1:Iyr8/vBYvP47uwDiA6GoAGljsy0BcNHUgvWHgQu1Uhs=
github.com/freightcms/web/handlers v0.0.0-20240426010026-4624973a0003/go.mod h1:gmPWqsUg3PXmAFsIMJZ28malHW/bfo7Be7UQE4YGRew=
github.com/freightcms/web/models v0.0.0-20240426012816-d172d2c92c77 h1:MDif9mLYQTeFZZ58NFQ113n/hrXquE79o/Z0Ekg1qBk=
github.com/freightcms/web/models v0.0.0-20240426012816-d172d2c92c77/go.mod h1:eAJziAovKuWHWKAQ9n9zrqar3rmRc2gmA6r0XUPXdkk=
